// !$*UTF8*$!
{
	archiveVersion = 1;
	classes = {
	};
	objectVersion = 51;
	objects = {

/* Begin PBXBuildFile section */
		25EBB12C2388FCA8000AA427 /* Food.swift in Sources */ = {isa = PBXBuildFile; fileRef = 25EBB12B2388FCA8000AA427 /* Food.swift */; };
		32D4B5F62388FB45006FE823 /* Vision.storyboard in Resources */ = {isa = PBXBuildFile; fileRef = 32D4B5F52388FB45006FE823 /* Vision.storyboard */; };
		32D4B5F82388FB53006FE823 /* Manual.storyboard in Resources */ = {isa = PBXBuildFile; fileRef = 32D4B5F72388FB53006FE823 /* Manual.storyboard */; };
		5E0B2C932388FF8600ED4F81 /* ImageClassificationViewController.swift in Sources */ = {isa = PBXBuildFile; fileRef = 5E0B2C922388FF8600ED4F81 /* ImageClassificationViewController.swift */; };
		5E0B2C952389075A00ED4F81 /* Fruit.mlmodel in Sources */ = {isa = PBXBuildFile; fileRef = 5E0B2C942389075A00ED4F81 /* Fruit.mlmodel */; };
		5E7B8DAA2388D9DB00389BFE /* GoogleService-Info.plist in Resources */ = {isa = PBXBuildFile; fileRef = 5E7B8DA92388D9DB00389BFE /* GoogleService-Info.plist */; };
		32D4B5FA238907E0006FE823 /* FoodsCollectionViewCell.swift in Sources */ = {isa = PBXBuildFile; fileRef = 32D4B5F9238907E0006FE823 /* FoodsCollectionViewCell.swift */; };
		32D4B5FE238916D4006FE823 /* ChickenViewController.swift in Sources */ = {isa = PBXBuildFile; fileRef = 32D4B5FD238916D4006FE823 /* ChickenViewController.swift */; };
		32D4B60023891AC4006FE823 /* data.tsv in Resources */ = {isa = PBXBuildFile; fileRef = 32D4B5FF23891AC4006FE823 /* data.tsv */; };
		32D4B60223891B08006FE823 /* TSV Parser.swift in Sources */ = {isa = PBXBuildFile; fileRef = 32D4B60123891B08006FE823 /* TSV Parser.swift */; };
		5EC357332388D78F00FD3CCB /* AppDelegate.swift in Sources */ = {isa = PBXBuildFile; fileRef = 5EC357322388D78F00FD3CCB /* AppDelegate.swift */; };
		5EC357352388D78F00FD3CCB /* SceneDelegate.swift in Sources */ = {isa = PBXBuildFile; fileRef = 5EC357342388D78F00FD3CCB /* SceneDelegate.swift */; };
		5EC357372388D78F00FD3CCB /* ViewController.swift in Sources */ = {isa = PBXBuildFile; fileRef = 5EC357362388D78F00FD3CCB /* ViewController.swift */; };
		5EC3573A2388D78F00FD3CCB /* Main.storyboard in Resources */ = {isa = PBXBuildFile; fileRef = 5EC357382388D78F00FD3CCB /* Main.storyboard */; };
		5EC3573D2388D78F00FD3CCB /* FoodStuff.xcdatamodeld in Sources */ = {isa = PBXBuildFile; fileRef = 5EC3573B2388D78F00FD3CCB /* FoodStuff.xcdatamodeld */; };
		5EC3573F2388D79000FD3CCB /* Assets.xcassets in Resources */ = {isa = PBXBuildFile; fileRef = 5EC3573E2388D79000FD3CCB /* Assets.xcassets */; };
		5EC357422388D79000FD3CCB /* LaunchScreen.storyboard in Resources */ = {isa = PBXBuildFile; fileRef = 5EC357402388D79000FD3CCB /* LaunchScreen.storyboard */; };
		5EC3574D2388D79000FD3CCB /* FoodStuffTests.swift in Sources */ = {isa = PBXBuildFile; fileRef = 5EC3574C2388D79000FD3CCB /* FoodStuffTests.swift */; };
		5EC357582388D79000FD3CCB /* FoodStuffUITests.swift in Sources */ = {isa = PBXBuildFile; fileRef = 5EC357572388D79000FD3CCB /* FoodStuffUITests.swift */; };
		76AD3E225BB4E89066A405B7 /* Pods_FoodStuff.framework in Frameworks */ = {isa = PBXBuildFile; fileRef = E40B7482CCB47D6460232884 /* Pods_FoodStuff.framework */; };
		B37801B176C72708492A2BEF /* Pods_FoodStuffTests.framework in Frameworks */ = {isa = PBXBuildFile; fileRef = 8865253790637784772E4A05 /* Pods_FoodStuffTests.framework */; };
		F4C734C4898697EB306C723C /* Pods_FoodStuff_FoodStuffUITests.framework in Frameworks */ = {isa = PBXBuildFile; fileRef = C7995A8477BF72E845B77780 /* Pods_FoodStuff_FoodStuffUITests.framework */; };
/* End PBXBuildFile section */

/* Begin PBXContainerItemProxy section */
		5EC357492388D79000FD3CCB /* PBXContainerItemProxy */ = {
			isa = PBXContainerItemProxy;
			containerPortal = 5EC357272388D78E00FD3CCB /* Project object */;
			proxyType = 1;
			remoteGlobalIDString = 5EC3572E2388D78F00FD3CCB;
			remoteInfo = FoodStuff;
		};
		5EC357542388D79000FD3CCB /* PBXContainerItemProxy */ = {
			isa = PBXContainerItemProxy;
			containerPortal = 5EC357272388D78E00FD3CCB /* Project object */;
			proxyType = 1;
			remoteGlobalIDString = 5EC3572E2388D78F00FD3CCB;
			remoteInfo = FoodStuff;
		};
/* End PBXContainerItemProxy section */

/* Begin PBXFileReference section */
		25EBB12B2388FCA8000AA427 /* Food.swift */ = {isa = PBXFileReference; lastKnownFileType = sourcecode.swift; path = Food.swift; sourceTree = "<group>"; };
		269692C0B4D39DC6592FB3CA /* Pods-FoodStuff-FoodStuffUITests.release.xcconfig */ = {isa = PBXFileReference; includeInIndex = 1; lastKnownFileType = text.xcconfig; name = "Pods-FoodStuff-FoodStuffUITests.release.xcconfig"; path = "Target Support Files/Pods-FoodStuff-FoodStuffUITests/Pods-FoodStuff-FoodStuffUITests.release.xcconfig"; sourceTree = "<group>"; };
		32D4B5F52388FB45006FE823 /* Vision.storyboard */ = {isa = PBXFileReference; lastKnownFileType = file.storyboard; path = Vision.storyboard; sourceTree = "<group>"; };
		32D4B5F72388FB53006FE823 /* Manual.storyboard */ = {isa = PBXFileReference; lastKnownFileType = file.storyboard; path = Manual.storyboard; sourceTree = "<group>"; };
		32D4B5F9238907E0006FE823 /* FoodsCollectionViewCell.swift */ = {isa = PBXFileReference; lastKnownFileType = sourcecode.swift; path = FoodsCollectionViewCell.swift; sourceTree = "<group>"; };
		32D4B5FB23890998006FE823 /* GoogleService-Info.plist */ = {isa = PBXFileReference; fileEncoding = 4; lastKnownFileType = text.plist.xml; path = "GoogleService-Info.plist"; sourceTree = "<group>"; };
		32D4B5FD238916D4006FE823 /* ChickenViewController.swift */ = {isa = PBXFileReference; lastKnownFileType = sourcecode.swift; path = ChickenViewController.swift; sourceTree = "<group>"; };
		32D4B5FF23891AC4006FE823 /* data.tsv */ = {isa = PBXFileReference; fileEncoding = 4; lastKnownFileType = text; path = data.tsv; sourceTree = "<group>"; };
		32D4B60123891B08006FE823 /* TSV Parser.swift */ = {isa = PBXFileReference; fileEncoding = 4; lastKnownFileType = sourcecode.swift; path = "TSV Parser.swift"; sourceTree = "<group>"; };
		4A582AD34F22F8C5C2F72F85 /* Pods-FoodStuff-FoodStuffUITests.debug.xcconfig */ = {isa = PBXFileReference; includeInIndex = 1; lastKnownFileType = text.xcconfig; name = "Pods-FoodStuff-FoodStuffUITests.debug.xcconfig"; path = "Target Support Files/Pods-FoodStuff-FoodStuffUITests/Pods-FoodStuff-FoodStuffUITests.debug.xcconfig"; sourceTree = "<group>"; };
		52D45F10C0C3F1D8E0919919 /* Pods-FoodStuffTests.release.xcconfig */ = {isa = PBXFileReference; includeInIndex = 1; lastKnownFileType = text.xcconfig; name = "Pods-FoodStuffTests.release.xcconfig"; path = "Target Support Files/Pods-FoodStuffTests/Pods-FoodStuffTests.release.xcconfig"; sourceTree = "<group>"; };
		5E0B2C922388FF8600ED4F81 /* ImageClassificationViewController.swift */ = {isa = PBXFileReference; lastKnownFileType = sourcecode.swift; path = ImageClassificationViewController.swift; sourceTree = "<group>"; };
		5E0B2C942389075A00ED4F81 /* Fruit.mlmodel */ = {isa = PBXFileReference; lastKnownFileType = file.mlmodel; path = Fruit.mlmodel; sourceTree = "<group>"; };
		5EC3572F2388D78F00FD3CCB /* FoodStuff.app */ = {isa = PBXFileReference; explicitFileType = wrapper.application; includeInIndex = 0; path = FoodStuff.app; sourceTree = BUILT_PRODUCTS_DIR; };
		5EC357322388D78F00FD3CCB /* AppDelegate.swift */ = {isa = PBXFileReference; lastKnownFileType = sourcecode.swift; path = AppDelegate.swift; sourceTree = "<group>"; };
		5EC357342388D78F00FD3CCB /* SceneDelegate.swift */ = {isa = PBXFileReference; lastKnownFileType = sourcecode.swift; path = SceneDelegate.swift; sourceTree = "<group>"; };
		5EC357362388D78F00FD3CCB /* ViewController.swift */ = {isa = PBXFileReference; lastKnownFileType = sourcecode.swift; path = ViewController.swift; sourceTree = "<group>"; };
		5EC357392388D78F00FD3CCB /* Base */ = {isa = PBXFileReference; lastKnownFileType = file.storyboard; name = Base; path = Base.lproj/Main.storyboard; sourceTree = "<group>"; };
		5EC3573C2388D78F00FD3CCB /* FoodStuff.xcdatamodel */ = {isa = PBXFileReference; lastKnownFileType = wrapper.xcdatamodel; path = FoodStuff.xcdatamodel; sourceTree = "<group>"; };
		5EC3573E2388D79000FD3CCB /* Assets.xcassets */ = {isa = PBXFileReference; lastKnownFileType = folder.assetcatalog; path = Assets.xcassets; sourceTree = "<group>"; };
		5EC357412388D79000FD3CCB /* Base */ = {isa = PBXFileReference; lastKnownFileType = file.storyboard; name = Base; path = Base.lproj/LaunchScreen.storyboard; sourceTree = "<group>"; };
		5EC357432388D79000FD3CCB /* Info.plist */ = {isa = PBXFileReference; lastKnownFileType = text.plist.xml; path = Info.plist; sourceTree = "<group>"; };
		5EC357482388D79000FD3CCB /* FoodStuffTests.xctest */ = {isa = PBXFileReference; explicitFileType = wrapper.cfbundle; includeInIndex = 0; path = FoodStuffTests.xctest; sourceTree = BUILT_PRODUCTS_DIR; };
		5EC3574C2388D79000FD3CCB /* FoodStuffTests.swift */ = {isa = PBXFileReference; lastKnownFileType = sourcecode.swift; path = FoodStuffTests.swift; sourceTree = "<group>"; };
		5EC3574E2388D79000FD3CCB /* Info.plist */ = {isa = PBXFileReference; lastKnownFileType = text.plist.xml; path = Info.plist; sourceTree = "<group>"; };
		5EC357532388D79000FD3CCB /* FoodStuffUITests.xctest */ = {isa = PBXFileReference; explicitFileType = wrapper.cfbundle; includeInIndex = 0; path = FoodStuffUITests.xctest; sourceTree = BUILT_PRODUCTS_DIR; };
		5EC357572388D79000FD3CCB /* FoodStuffUITests.swift */ = {isa = PBXFileReference; lastKnownFileType = sourcecode.swift; path = FoodStuffUITests.swift; sourceTree = "<group>"; };
		5EC357592388D79000FD3CCB /* Info.plist */ = {isa = PBXFileReference; lastKnownFileType = text.plist.xml; path = Info.plist; sourceTree = "<group>"; };
		85B8FFC855AEBCA8D2DC34DE /* Pods-FoodStuff.release.xcconfig */ = {isa = PBXFileReference; includeInIndex = 1; lastKnownFileType = text.xcconfig; name = "Pods-FoodStuff.release.xcconfig"; path = "Target Support Files/Pods-FoodStuff/Pods-FoodStuff.release.xcconfig"; sourceTree = "<group>"; };
		8865253790637784772E4A05 /* Pods_FoodStuffTests.framework */ = {isa = PBXFileReference; explicitFileType = wrapper.framework; includeInIndex = 0; path = Pods_FoodStuffTests.framework; sourceTree = BUILT_PRODUCTS_DIR; };
		94C288777721CBFB55D08E02 /* Pods-FoodStuffTests.debug.xcconfig */ = {isa = PBXFileReference; includeInIndex = 1; lastKnownFileType = text.xcconfig; name = "Pods-FoodStuffTests.debug.xcconfig"; path = "Target Support Files/Pods-FoodStuffTests/Pods-FoodStuffTests.debug.xcconfig"; sourceTree = "<group>"; };
		C7995A8477BF72E845B77780 /* Pods_FoodStuff_FoodStuffUITests.framework */ = {isa = PBXFileReference; explicitFileType = wrapper.framework; includeInIndex = 0; path = Pods_FoodStuff_FoodStuffUITests.framework; sourceTree = BUILT_PRODUCTS_DIR; };
		E40B7482CCB47D6460232884 /* Pods_FoodStuff.framework */ = {isa = PBXFileReference; explicitFileType = wrapper.framework; includeInIndex = 0; path = Pods_FoodStuff.framework; sourceTree = BUILT_PRODUCTS_DIR; };
		FED9A1B8CA606C815FC74134 /* Pods-FoodStuff.debug.xcconfig */ = {isa = PBXFileReference; includeInIndex = 1; lastKnownFileType = text.xcconfig; name = "Pods-FoodStuff.debug.xcconfig"; path = "Target Support Files/Pods-FoodStuff/Pods-FoodStuff.debug.xcconfig"; sourceTree = "<group>"; };
/* End PBXFileReference section */

/* Begin PBXFrameworksBuildPhase section */
		5EC3572C2388D78F00FD3CCB /* Frameworks */ = {
			isa = PBXFrameworksBuildPhase;
			buildActionMask = 2147483647;
			files = (
				76AD3E225BB4E89066A405B7 /* Pods_FoodStuff.framework in Frameworks */,
			);
			runOnlyForDeploymentPostprocessing = 0;
		};
		5EC357452388D79000FD3CCB /* Frameworks */ = {
			isa = PBXFrameworksBuildPhase;
			buildActionMask = 2147483647;
			files = (
				B37801B176C72708492A2BEF /* Pods_FoodStuffTests.framework in Frameworks */,
			);
			runOnlyForDeploymentPostprocessing = 0;
		};
		5EC357502388D79000FD3CCB /* Frameworks */ = {
			isa = PBXFrameworksBuildPhase;
			buildActionMask = 2147483647;
			files = (
				F4C734C4898697EB306C723C /* Pods_FoodStuff_FoodStuffUITests.framework in Frameworks */,
			);
			runOnlyForDeploymentPostprocessing = 0;
		};
/* End PBXFrameworksBuildPhase section */

/* Begin PBXGroup section */
		34333B5F09BEDBDAF0DAD80E /* Pods */ = {
			isa = PBXGroup;
			children = (
				FED9A1B8CA606C815FC74134 /* Pods-FoodStuff.debug.xcconfig */,
				85B8FFC855AEBCA8D2DC34DE /* Pods-FoodStuff.release.xcconfig */,
				4A582AD34F22F8C5C2F72F85 /* Pods-FoodStuff-FoodStuffUITests.debug.xcconfig */,
				269692C0B4D39DC6592FB3CA /* Pods-FoodStuff-FoodStuffUITests.release.xcconfig */,
				94C288777721CBFB55D08E02 /* Pods-FoodStuffTests.debug.xcconfig */,
				52D45F10C0C3F1D8E0919919 /* Pods-FoodStuffTests.release.xcconfig */,
			);
			path = Pods;
			sourceTree = "<group>";
		};
		5E0B2C912388FF6800ED4F81 /* Vision */ = {
			isa = PBXGroup;
			children = (
				5E0B2C942389075A00ED4F81 /* Fruit.mlmodel */,
				5E0B2C922388FF8600ED4F81 /* ImageClassificationViewController.swift */,
			);
			path = Vision;
			sourceTree = "<group>";
		};
		5EC357262388D78E00FD3CCB = {
			isa = PBXGroup;
			children = (
				5EC357312388D78F00FD3CCB /* FoodStuff */,
				5EC3574B2388D79000FD3CCB /* FoodStuffTests */,
				5EC357562388D79000FD3CCB /* FoodStuffUITests */,
				5EC357302388D78F00FD3CCB /* Products */,
				34333B5F09BEDBDAF0DAD80E /* Pods */,
				9B563B28766BD3608DBC124B /* Frameworks */,
			);
			sourceTree = "<group>";
		};
		5EC357302388D78F00FD3CCB /* Products */ = {
			isa = PBXGroup;
			children = (
				5EC3572F2388D78F00FD3CCB /* FoodStuff.app */,
				5EC357482388D79000FD3CCB /* FoodStuffTests.xctest */,
				5EC357532388D79000FD3CCB /* FoodStuffUITests.xctest */,
			);
			name = Products;
			sourceTree = "<group>";
		};
		5EC357312388D78F00FD3CCB /* FoodStuff */ = {
			isa = PBXGroup;
			children = (
				5E0B2C912388FF6800ED4F81 /* Vision */,
				25EBB12B2388FCA8000AA427 /* Food.swift */,
				5EC357322388D78F00FD3CCB /* AppDelegate.swift */,
				5EC357342388D78F00FD3CCB /* SceneDelegate.swift */,
				5EC357362388D78F00FD3CCB /* ViewController.swift */,
				5EC357382388D78F00FD3CCB /* Main.storyboard */,
				32D4B5FD238916D4006FE823 /* ChickenViewController.swift */,
				32D4B5F9238907E0006FE823 /* FoodsCollectionViewCell.swift */,
				32D4B5F52388FB45006FE823 /* Vision.storyboard */,
				32D4B5F72388FB53006FE823 /* Manual.storyboard */,
				32D4B60123891B08006FE823 /* TSV Parser.swift */,
				5EC3573E2388D79000FD3CCB /* Assets.xcassets */,
				5EC357402388D79000FD3CCB /* LaunchScreen.storyboard */,
				32D4B5FB23890998006FE823 /* GoogleService-Info.plist */,
				32D4B5FF23891AC4006FE823 /* data.tsv */,
				5EC357432388D79000FD3CCB /* Info.plist */,
				5EC3573B2388D78F00FD3CCB /* FoodStuff.xcdatamodeld */,
			);
			path = FoodStuff;
			sourceTree = "<group>";
		};
		5EC3574B2388D79000FD3CCB /* FoodStuffTests */ = {
			isa = PBXGroup;
			children = (
				5EC3574C2388D79000FD3CCB /* FoodStuffTests.swift */,
				5EC3574E2388D79000FD3CCB /* Info.plist */,
			);
			path = FoodStuffTests;
			sourceTree = "<group>";
		};
		5EC357562388D79000FD3CCB /* FoodStuffUITests */ = {
			isa = PBXGroup;
			children = (
				5EC357572388D79000FD3CCB /* FoodStuffUITests.swift */,
				5EC357592388D79000FD3CCB /* Info.plist */,
			);
			path = FoodStuffUITests;
			sourceTree = "<group>";
		};
		9B563B28766BD3608DBC124B /* Frameworks */ = {
			isa = PBXGroup;
			children = (
				E40B7482CCB47D6460232884 /* Pods_FoodStuff.framework */,
				C7995A8477BF72E845B77780 /* Pods_FoodStuff_FoodStuffUITests.framework */,
				8865253790637784772E4A05 /* Pods_FoodStuffTests.framework */,
			);
			name = Frameworks;
			sourceTree = "<group>";
		};
/* End PBXGroup section */

/* Begin PBXNativeTarget section */
		5EC3572E2388D78F00FD3CCB /* FoodStuff */ = {
			isa = PBXNativeTarget;
			buildConfigurationList = 5EC3575C2388D79000FD3CCB /* Build configuration list for PBXNativeTarget "FoodStuff" */;
			buildPhases = (
				626BEDA5AB7D9DB351BCFE90 /* [CP] Check Pods Manifest.lock */,
				5EC3572B2388D78F00FD3CCB /* Sources */,
				5EC3572C2388D78F00FD3CCB /* Frameworks */,
				5EC3572D2388D78F00FD3CCB /* Resources */,
				9FC4BE5FCD503EC8A6DC517C /* [CP] Embed Pods Frameworks */,
			);
			buildRules = (
			);
			dependencies = (
			);
			name = FoodStuff;
			productName = FoodStuff;
			productReference = 5EC3572F2388D78F00FD3CCB /* FoodStuff.app */;
			productType = "com.apple.product-type.application";
		};
		5EC357472388D79000FD3CCB /* FoodStuffTests */ = {
			isa = PBXNativeTarget;
			buildConfigurationList = 5EC3575F2388D79000FD3CCB /* Build configuration list for PBXNativeTarget "FoodStuffTests" */;
			buildPhases = (
				73CCA957D29C745C69FD8B8F /* [CP] Check Pods Manifest.lock */,
				5EC357442388D79000FD3CCB /* Sources */,
				5EC357452388D79000FD3CCB /* Frameworks */,
				5EC357462388D79000FD3CCB /* Resources */,
			);
			buildRules = (
			);
			dependencies = (
				5EC3574A2388D79000FD3CCB /* PBXTargetDependency */,
			);
			name = FoodStuffTests;
			productName = FoodStuffTests;
			productReference = 5EC357482388D79000FD3CCB /* FoodStuffTests.xctest */;
			productType = "com.apple.product-type.bundle.unit-test";
		};
		5EC357522388D79000FD3CCB /* FoodStuffUITests */ = {
			isa = PBXNativeTarget;
			buildConfigurationList = 5EC357622388D79000FD3CCB /* Build configuration list for PBXNativeTarget "FoodStuffUITests" */;
			buildPhases = (
				A2207BAD1405B74F71E2F0F5 /* [CP] Check Pods Manifest.lock */,
				5EC3574F2388D79000FD3CCB /* Sources */,
				5EC357502388D79000FD3CCB /* Frameworks */,
				5EC357512388D79000FD3CCB /* Resources */,
				C7E953F66C58E4DB87FDAF65 /* [CP] Embed Pods Frameworks */,
			);
			buildRules = (
			);
			dependencies = (
				5EC357552388D79000FD3CCB /* PBXTargetDependency */,
			);
			name = FoodStuffUITests;
			productName = FoodStuffUITests;
			productReference = 5EC357532388D79000FD3CCB /* FoodStuffUITests.xctest */;
			productType = "com.apple.product-type.bundle.ui-testing";
		};
/* End PBXNativeTarget section */

/* Begin PBXProject section */
		5EC357272388D78E00FD3CCB /* Project object */ = {
			isa = PBXProject;
			attributes = {
				LastSwiftUpdateCheck = 1120;
				LastUpgradeCheck = 1120;
				ORGANIZATIONNAME = "Aakash Sanjay Mehta";
				TargetAttributes = {
					5EC3572E2388D78F00FD3CCB = {
						CreatedOnToolsVersion = 11.2.1;
					};
					5EC357472388D79000FD3CCB = {
						CreatedOnToolsVersion = 11.2.1;
						TestTargetID = 5EC3572E2388D78F00FD3CCB;
					};
					5EC357522388D79000FD3CCB = {
						CreatedOnToolsVersion = 11.2.1;
						TestTargetID = 5EC3572E2388D78F00FD3CCB;
					};
				};
			};
			buildConfigurationList = 5EC3572A2388D78E00FD3CCB /* Build configuration list for PBXProject "FoodStuff" */;
			compatibilityVersion = "Xcode 9.3";
			developmentRegion = en;
			hasScannedForEncodings = 0;
			knownRegions = (
				en,
				Base,
			);
			mainGroup = 5EC357262388D78E00FD3CCB;
			productRefGroup = 5EC357302388D78F00FD3CCB /* Products */;
			projectDirPath = "";
			projectRoot = "";
			targets = (
				5EC3572E2388D78F00FD3CCB /* FoodStuff */,
				5EC357472388D79000FD3CCB /* FoodStuffTests */,
				5EC357522388D79000FD3CCB /* FoodStuffUITests */,
			);
		};
/* End PBXProject section */

/* Begin PBXResourcesBuildPhase section */
		5EC3572D2388D78F00FD3CCB /* Resources */ = {
			isa = PBXResourcesBuildPhase;
			buildActionMask = 2147483647;
			files = (
				32D4B5FC23890998006FE823 /* GoogleService-Info.plist in Resources */,
				32D4B60023891AC4006FE823 /* data.tsv in Resources */,
				5EC357422388D79000FD3CCB /* LaunchScreen.storyboard in Resources */,
				5EC3573F2388D79000FD3CCB /* Assets.xcassets in Resources */,
				5EC3573A2388D78F00FD3CCB /* Main.storyboard in Resources */,
				32D4B5F82388FB53006FE823 /* Manual.storyboard in Resources */,
				32D4B5F62388FB45006FE823 /* Vision.storyboard in Resources */,
			);
			runOnlyForDeploymentPostprocessing = 0;
		};
		5EC357462388D79000FD3CCB /* Resources */ = {
			isa = PBXResourcesBuildPhase;
			buildActionMask = 2147483647;
			files = (
			);
			runOnlyForDeploymentPostprocessing = 0;
		};
		5EC357512388D79000FD3CCB /* Resources */ = {
			isa = PBXResourcesBuildPhase;
			buildActionMask = 2147483647;
			files = (
			);
			runOnlyForDeploymentPostprocessing = 0;
		};
/* End PBXResourcesBuildPhase section */

/* Begin PBXShellScriptBuildPhase section */
		626BEDA5AB7D9DB351BCFE90 /* [CP] Check Pods Manifest.lock */ = {
			isa = PBXShellScriptBuildPhase;
			buildActionMask = 2147483647;
			files = (
			);
			inputFileListPaths = (
			);
			inputPaths = (
				"${PODS_PODFILE_DIR_PATH}/Podfile.lock",
				"${PODS_ROOT}/Manifest.lock",
			);
			name = "[CP] Check Pods Manifest.lock";
			outputFileListPaths = (
			);
			outputPaths = (
				"$(DERIVED_FILE_DIR)/Pods-FoodStuff-checkManifestLockResult.txt",
			);
			runOnlyForDeploymentPostprocessing = 0;
			shellPath = /bin/sh;
			shellScript = "diff \"${PODS_PODFILE_DIR_PATH}/Podfile.lock\" \"${PODS_ROOT}/Manifest.lock\" > /dev/null\nif [ $? != 0 ] ; then\n    # print error to STDERR\n    echo \"error: The sandbox is not in sync with the Podfile.lock. Run 'pod install' or update your CocoaPods installation.\" >&2\n    exit 1\nfi\n# This output is used by Xcode 'outputs' to avoid re-running this script phase.\necho \"SUCCESS\" > \"${SCRIPT_OUTPUT_FILE_0}\"\n";
			showEnvVarsInLog = 0;
		};
		73CCA957D29C745C69FD8B8F /* [CP] Check Pods Manifest.lock */ = {
			isa = PBXShellScriptBuildPhase;
			buildActionMask = 2147483647;
			files = (
			);
			inputFileListPaths = (
			);
			inputPaths = (
				"${PODS_PODFILE_DIR_PATH}/Podfile.lock",
				"${PODS_ROOT}/Manifest.lock",
			);
			name = "[CP] Check Pods Manifest.lock";
			outputFileListPaths = (
			);
			outputPaths = (
				"$(DERIVED_FILE_DIR)/Pods-FoodStuffTests-checkManifestLockResult.txt",
			);
			runOnlyForDeploymentPostprocessing = 0;
			shellPath = /bin/sh;
			shellScript = "diff \"${PODS_PODFILE_DIR_PATH}/Podfile.lock\" \"${PODS_ROOT}/Manifest.lock\" > /dev/null\nif [ $? != 0 ] ; then\n    # print error to STDERR\n    echo \"error: The sandbox is not in sync with the Podfile.lock. Run 'pod install' or update your CocoaPods installation.\" >&2\n    exit 1\nfi\n# This output is used by Xcode 'outputs' to avoid re-running this script phase.\necho \"SUCCESS\" > \"${SCRIPT_OUTPUT_FILE_0}\"\n";
			showEnvVarsInLog = 0;
		};
		9FC4BE5FCD503EC8A6DC517C /* [CP] Embed Pods Frameworks */ = {
			isa = PBXShellScriptBuildPhase;
			buildActionMask = 2147483647;
			files = (
			);
			inputFileListPaths = (
				"${PODS_ROOT}/Target Support Files/Pods-FoodStuff/Pods-FoodStuff-frameworks-${CONFIGURATION}-input-files.xcfilelist",
			);
			name = "[CP] Embed Pods Frameworks";
			outputFileListPaths = (
				"${PODS_ROOT}/Target Support Files/Pods-FoodStuff/Pods-FoodStuff-frameworks-${CONFIGURATION}-output-files.xcfilelist",
			);
			runOnlyForDeploymentPostprocessing = 0;
			shellPath = /bin/sh;
			shellScript = "\"${PODS_ROOT}/Target Support Files/Pods-FoodStuff/Pods-FoodStuff-frameworks.sh\"\n";
			showEnvVarsInLog = 0;
		};
		A2207BAD1405B74F71E2F0F5 /* [CP] Check Pods Manifest.lock */ = {
			isa = PBXShellScriptBuildPhase;
			buildActionMask = 2147483647;
			files = (
			);
			inputFileListPaths = (
			);
			inputPaths = (
				"${PODS_PODFILE_DIR_PATH}/Podfile.lock",
				"${PODS_ROOT}/Manifest.lock",
			);
			name = "[CP] Check Pods Manifest.lock";
			outputFileListPaths = (
			);
			outputPaths = (
				"$(DERIVED_FILE_DIR)/Pods-FoodStuff-FoodStuffUITests-checkManifestLockResult.txt",
			);
			runOnlyForDeploymentPostprocessing = 0;
			shellPath = /bin/sh;
			shellScript = "diff \"${PODS_PODFILE_DIR_PATH}/Podfile.lock\" \"${PODS_ROOT}/Manifest.lock\" > /dev/null\nif [ $? != 0 ] ; then\n    # print error to STDERR\n    echo \"error: The sandbox is not in sync with the Podfile.lock. Run 'pod install' or update your CocoaPods installation.\" >&2\n    exit 1\nfi\n# This output is used by Xcode 'outputs' to avoid re-running this script phase.\necho \"SUCCESS\" > \"${SCRIPT_OUTPUT_FILE_0}\"\n";
			showEnvVarsInLog = 0;
		};
		C7E953F66C58E4DB87FDAF65 /* [CP] Embed Pods Frameworks */ = {
			isa = PBXShellScriptBuildPhase;
			buildActionMask = 2147483647;
			files = (
			);
			inputFileListPaths = (
				"${PODS_ROOT}/Target Support Files/Pods-FoodStuff-FoodStuffUITests/Pods-FoodStuff-FoodStuffUITests-frameworks-${CONFIGURATION}-input-files.xcfilelist",
			);
			name = "[CP] Embed Pods Frameworks";
			outputFileListPaths = (
				"${PODS_ROOT}/Target Support Files/Pods-FoodStuff-FoodStuffUITests/Pods-FoodStuff-FoodStuffUITests-frameworks-${CONFIGURATION}-output-files.xcfilelist",
			);
			runOnlyForDeploymentPostprocessing = 0;
			shellPath = /bin/sh;
			shellScript = "\"${PODS_ROOT}/Target Support Files/Pods-FoodStuff-FoodStuffUITests/Pods-FoodStuff-FoodStuffUITests-frameworks.sh\"\n";
			showEnvVarsInLog = 0;
		};
/* End PBXShellScriptBuildPhase section */

/* Begin PBXSourcesBuildPhase section */
		5EC3572B2388D78F00FD3CCB /* Sources */ = {
			isa = PBXSourcesBuildPhase;
			buildActionMask = 2147483647;
			files = (
				25EBB12C2388FCA8000AA427 /* Food.swift in Sources */,
				5EC357372388D78F00FD3CCB /* ViewController.swift in Sources */,
				5EC357332388D78F00FD3CCB /* AppDelegate.swift in Sources */,
				5EC3573D2388D78F00FD3CCB /* FoodStuff.xcdatamodeld in Sources */,
				32D4B5FE238916D4006FE823 /* ChickenViewController.swift in Sources */,
				32D4B60223891B08006FE823 /* TSV Parser.swift in Sources */,
				32D4B5FA238907E0006FE823 /* FoodsCollectionViewCell.swift in Sources */,
				5EC357352388D78F00FD3CCB /* SceneDelegate.swift in Sources */,
				5E0B2C932388FF8600ED4F81 /* ImageClassificationViewController.swift in Sources */,
				5E0B2C952389075A00ED4F81 /* Fruit.mlmodel in Sources */,
			);
			runOnlyForDeploymentPostprocessing = 0;
		};
		5EC357442388D79000FD3CCB /* Sources */ = {
			isa = PBXSourcesBuildPhase;
			buildActionMask = 2147483647;
			files = (
				5EC3574D2388D79000FD3CCB /* FoodStuffTests.swift in Sources */,
			);
			runOnlyForDeploymentPostprocessing = 0;
		};
		5EC3574F2388D79000FD3CCB /* Sources */ = {
			isa = PBXSourcesBuildPhase;
			buildActionMask = 2147483647;
			files = (
				5EC357582388D79000FD3CCB /* FoodStuffUITests.swift in Sources */,
			);
			runOnlyForDeploymentPostprocessing = 0;
		};
/* End PBXSourcesBuildPhase section */

/* Begin PBXTargetDependency section */
		5EC3574A2388D79000FD3CCB /* PBXTargetDependency */ = {
			isa = PBXTargetDependency;
			target = 5EC3572E2388D78F00FD3CCB /* FoodStuff */;
			targetProxy = 5EC357492388D79000FD3CCB /* PBXContainerItemProxy */;
		};
		5EC357552388D79000FD3CCB /* PBXTargetDependency */ = {
			isa = PBXTargetDependency;
			target = 5EC3572E2388D78F00FD3CCB /* FoodStuff */;
			targetProxy = 5EC357542388D79000FD3CCB /* PBXContainerItemProxy */;
		};
/* End PBXTargetDependency section */

/* Begin PBXVariantGroup section */
		5EC357382388D78F00FD3CCB /* Main.storyboard */ = {
			isa = PBXVariantGroup;
			children = (
				5EC357392388D78F00FD3CCB /* Base */,
			);
			name = Main.storyboard;
			sourceTree = "<group>";
		};
		5EC357402388D79000FD3CCB /* LaunchScreen.storyboard */ = {
			isa = PBXVariantGroup;
			children = (
				5EC357412388D79000FD3CCB /* Base */,
			);
			name = LaunchScreen.storyboard;
			sourceTree = "<group>";
		};
/* End PBXVariantGroup section */

/* Begin XCBuildConfiguration section */
		5EC3575A2388D79000FD3CCB /* Debug */ = {
			isa = XCBuildConfiguration;
			buildSettings = {
				ALWAYS_SEARCH_USER_PATHS = NO;
				CLANG_ANALYZER_NONNULL = YES;
				CLANG_ANALYZER_NUMBER_OBJECT_CONVERSION = YES_AGGRESSIVE;
				CLANG_CXX_LANGUAGE_STANDARD = "gnu++14";
				CLANG_CXX_LIBRARY = "libc++";
				CLANG_ENABLE_MODULES = YES;
				CLANG_ENABLE_OBJC_ARC = YES;
				CLANG_ENABLE_OBJC_WEAK = YES;
				CLANG_WARN_BLOCK_CAPTURE_AUTORELEASING = YES;
				CLANG_WARN_BOOL_CONVERSION = YES;
				CLANG_WARN_COMMA = YES;
				CLANG_WARN_CONSTANT_CONVERSION = YES;
				CLANG_WARN_DEPRECATED_OBJC_IMPLEMENTATIONS = YES;
				CLANG_WARN_DIRECT_OBJC_ISA_USAGE = YES_ERROR;
				CLANG_WARN_DOCUMENTATION_COMMENTS = YES;
				CLANG_WARN_EMPTY_BODY = YES;
				CLANG_WARN_ENUM_CONVERSION = YES;
				CLANG_WARN_INFINITE_RECURSION = YES;
				CLANG_WARN_INT_CONVERSION = YES;
				CLANG_WARN_NON_LITERAL_NULL_CONVERSION = YES;
				CLANG_WARN_OBJC_IMPLICIT_RETAIN_SELF = YES;
				CLANG_WARN_OBJC_LITERAL_CONVERSION = YES;
				CLANG_WARN_OBJC_ROOT_CLASS = YES_ERROR;
				CLANG_WARN_RANGE_LOOP_ANALYSIS = YES;
				CLANG_WARN_STRICT_PROTOTYPES = YES;
				CLANG_WARN_SUSPICIOUS_MOVE = YES;
				CLANG_WARN_UNGUARDED_AVAILABILITY = YES_AGGRESSIVE;
				CLANG_WARN_UNREACHABLE_CODE = YES;
				CLANG_WARN__DUPLICATE_METHOD_MATCH = YES;
				COPY_PHASE_STRIP = NO;
				DEBUG_INFORMATION_FORMAT = dwarf;
				ENABLE_STRICT_OBJC_MSGSEND = YES;
				ENABLE_TESTABILITY = YES;
				GCC_C_LANGUAGE_STANDARD = gnu11;
				GCC_DYNAMIC_NO_PIC = NO;
				GCC_NO_COMMON_BLOCKS = YES;
				GCC_OPTIMIZATION_LEVEL = 0;
				GCC_PREPROCESSOR_DEFINITIONS = (
					"DEBUG=1",
					"$(inherited)",
				);
				GCC_WARN_64_TO_32_BIT_CONVERSION = YES;
				GCC_WARN_ABOUT_RETURN_TYPE = YES_ERROR;
				GCC_WARN_UNDECLARED_SELECTOR = YES;
				GCC_WARN_UNINITIALIZED_AUTOS = YES_AGGRESSIVE;
				GCC_WARN_UNUSED_FUNCTION = YES;
				GCC_WARN_UNUSED_VARIABLE = YES;
				IPHONEOS_DEPLOYMENT_TARGET = 13.2;
				MTL_ENABLE_DEBUG_INFO = INCLUDE_SOURCE;
				MTL_FAST_MATH = YES;
				ONLY_ACTIVE_ARCH = YES;
				SDKROOT = iphoneos;
				SWIFT_ACTIVE_COMPILATION_CONDITIONS = DEBUG;
				SWIFT_OPTIMIZATION_LEVEL = "-Onone";
			};
			name = Debug;
		};
		5EC3575B2388D79000FD3CCB /* Release */ = {
			isa = XCBuildConfiguration;
			buildSettings = {
				ALWAYS_SEARCH_USER_PATHS = NO;
				CLANG_ANALYZER_NONNULL = YES;
				CLANG_ANALYZER_NUMBER_OBJECT_CONVERSION = YES_AGGRESSIVE;
				CLANG_CXX_LANGUAGE_STANDARD = "gnu++14";
				CLANG_CXX_LIBRARY = "libc++";
				CLANG_ENABLE_MODULES = YES;
				CLANG_ENABLE_OBJC_ARC = YES;
				CLANG_ENABLE_OBJC_WEAK = YES;
				CLANG_WARN_BLOCK_CAPTURE_AUTORELEASING = YES;
				CLANG_WARN_BOOL_CONVERSION = YES;
				CLANG_WARN_COMMA = YES;
				CLANG_WARN_CONSTANT_CONVERSION = YES;
				CLANG_WARN_DEPRECATED_OBJC_IMPLEMENTATIONS = YES;
				CLANG_WARN_DIRECT_OBJC_ISA_USAGE = YES_ERROR;
				CLANG_WARN_DOCUMENTATION_COMMENTS = YES;
				CLANG_WARN_EMPTY_BODY = YES;
				CLANG_WARN_ENUM_CONVERSION = YES;
				CLANG_WARN_INFINITE_RECURSION = YES;
				CLANG_WARN_INT_CONVERSION = YES;
				CLANG_WARN_NON_LITERAL_NULL_CONVERSION = YES;
				CLANG_WARN_OBJC_IMPLICIT_RETAIN_SELF = YES;
				CLANG_WARN_OBJC_LITERAL_CONVERSION = YES;
				CLANG_WARN_OBJC_ROOT_CLASS = YES_ERROR;
				CLANG_WARN_RANGE_LOOP_ANALYSIS = YES;
				CLANG_WARN_STRICT_PROTOTYPES = YES;
				CLANG_WARN_SUSPICIOUS_MOVE = YES;
				CLANG_WARN_UNGUARDED_AVAILABILITY = YES_AGGRESSIVE;
				CLANG_WARN_UNREACHABLE_CODE = YES;
				CLANG_WARN__DUPLICATE_METHOD_MATCH = YES;
				COPY_PHASE_STRIP = NO;
				DEBUG_INFORMATION_FORMAT = "dwarf-with-dsym";
				ENABLE_NS_ASSERTIONS = NO;
				ENABLE_STRICT_OBJC_MSGSEND = YES;
				GCC_C_LANGUAGE_STANDARD = gnu11;
				GCC_NO_COMMON_BLOCKS = YES;
				GCC_WARN_64_TO_32_BIT_CONVERSION = YES;
				GCC_WARN_ABOUT_RETURN_TYPE = YES_ERROR;
				GCC_WARN_UNDECLARED_SELECTOR = YES;
				GCC_WARN_UNINITIALIZED_AUTOS = YES_AGGRESSIVE;
				GCC_WARN_UNUSED_FUNCTION = YES;
				GCC_WARN_UNUSED_VARIABLE = YES;
				IPHONEOS_DEPLOYMENT_TARGET = 13.2;
				MTL_ENABLE_DEBUG_INFO = NO;
				MTL_FAST_MATH = YES;
				SDKROOT = iphoneos;
				SWIFT_COMPILATION_MODE = wholemodule;
				SWIFT_OPTIMIZATION_LEVEL = "-O";
				VALIDATE_PRODUCT = YES;
			};
			name = Release;
		};
		5EC3575D2388D79000FD3CCB /* Debug */ = {
			isa = XCBuildConfiguration;
			baseConfigurationReference = FED9A1B8CA606C815FC74134 /* Pods-FoodStuff.debug.xcconfig */;
			buildSettings = {
				ASSETCATALOG_COMPILER_APPICON_NAME = AppIcon;
				CODE_SIGN_STYLE = Automatic;
				DEVELOPMENT_TEAM = 7K6ZTDFM48;
				INFOPLIST_FILE = FoodStuff/Info.plist;
				IPHONEOS_DEPLOYMENT_TARGET = 13.0;
				LD_RUNPATH_SEARCH_PATHS = (
					"$(inherited)",
					"@executable_path/Frameworks",
				);
				PRODUCT_BUNDLE_IDENTIFIER = "-019.Lance.FoodStuff";
				PRODUCT_NAME = "$(TARGET_NAME)";
				SWIFT_VERSION = 5.0;
				TARGETED_DEVICE_FAMILY = "1,2";
			};
			name = Debug;
		};
		5EC3575E2388D79000FD3CCB /* Release */ = {
			isa = XCBuildConfiguration;
			baseConfigurationReference = 85B8FFC855AEBCA8D2DC34DE /* Pods-FoodStuff.release.xcconfig */;
			buildSettings = {
				ASSETCATALOG_COMPILER_APPICON_NAME = AppIcon;
				CODE_SIGN_STYLE = Automatic;
				DEVELOPMENT_TEAM = 7K6ZTDFM48;
				INFOPLIST_FILE = FoodStuff/Info.plist;
				IPHONEOS_DEPLOYMENT_TARGET = 13.0;
				LD_RUNPATH_SEARCH_PATHS = (
					"$(inherited)",
					"@executable_path/Frameworks",
				);
				PRODUCT_BUNDLE_IDENTIFIER = "-019.Lance.FoodStuff";
				PRODUCT_NAME = "$(TARGET_NAME)";
				SWIFT_VERSION = 5.0;
				TARGETED_DEVICE_FAMILY = "1,2";
			};
			name = Release;
		};
		5EC357602388D79000FD3CCB /* Debug */ = {
			isa = XCBuildConfiguration;
			baseConfigurationReference = 94C288777721CBFB55D08E02 /* Pods-FoodStuffTests.debug.xcconfig */;
			buildSettings = {
				ALWAYS_EMBED_SWIFT_STANDARD_LIBRARIES = YES;
				BUNDLE_LOADER = "$(TEST_HOST)";
				CODE_SIGN_STYLE = Automatic;
				DEVELOPMENT_TEAM = 7K6ZTDFM48;
				INFOPLIST_FILE = FoodStuffTests/Info.plist;
				IPHONEOS_DEPLOYMENT_TARGET = 13.2;
				LD_RUNPATH_SEARCH_PATHS = (
					"$(inherited)",
					"@executable_path/Frameworks",
					"@loader_path/Frameworks",
				);
				PRODUCT_BUNDLE_IDENTIFIER = Lance.FoodStuffTests;
				PRODUCT_NAME = "$(TARGET_NAME)";
				SWIFT_VERSION = 5.0;
				TARGETED_DEVICE_FAMILY = "1,2";
				TEST_HOST = "$(BUILT_PRODUCTS_DIR)/FoodStuff.app/FoodStuff";
			};
			name = Debug;
		};
		5EC357612388D79000FD3CCB /* Release */ = {
			isa = XCBuildConfiguration;
			baseConfigurationReference = 52D45F10C0C3F1D8E0919919 /* Pods-FoodStuffTests.release.xcconfig */;
			buildSettings = {
				ALWAYS_EMBED_SWIFT_STANDARD_LIBRARIES = YES;
				BUNDLE_LOADER = "$(TEST_HOST)";
				CODE_SIGN_STYLE = Automatic;
				DEVELOPMENT_TEAM = 7K6ZTDFM48;
				INFOPLIST_FILE = FoodStuffTests/Info.plist;
				IPHONEOS_DEPLOYMENT_TARGET = 13.2;
				LD_RUNPATH_SEARCH_PATHS = (
					"$(inherited)",
					"@executable_path/Frameworks",
					"@loader_path/Frameworks",
				);
				PRODUCT_BUNDLE_IDENTIFIER = Lance.FoodStuffTests;
				PRODUCT_NAME = "$(TARGET_NAME)";
				SWIFT_VERSION = 5.0;
				TARGETED_DEVICE_FAMILY = "1,2";
				TEST_HOST = "$(BUILT_PRODUCTS_DIR)/FoodStuff.app/FoodStuff";
			};
			name = Release;
		};
		5EC357632388D79000FD3CCB /* Debug */ = {
			isa = XCBuildConfiguration;
			baseConfigurationReference = 4A582AD34F22F8C5C2F72F85 /* Pods-FoodStuff-FoodStuffUITests.debug.xcconfig */;
			buildSettings = {
				ALWAYS_EMBED_SWIFT_STANDARD_LIBRARIES = YES;
				CODE_SIGN_STYLE = Automatic;
				DEVELOPMENT_TEAM = 7K6ZTDFM48;
				INFOPLIST_FILE = FoodStuffUITests/Info.plist;
				LD_RUNPATH_SEARCH_PATHS = (
					"$(inherited)",
					"@executable_path/Frameworks",
					"@loader_path/Frameworks",
				);
				PRODUCT_BUNDLE_IDENTIFIER = Lance.FoodStuffUITests;
				PRODUCT_NAME = "$(TARGET_NAME)";
				SWIFT_VERSION = 5.0;
				TARGETED_DEVICE_FAMILY = "1,2";
				TEST_TARGET_NAME = FoodStuff;
			};
			name = Debug;
		};
		5EC357642388D79000FD3CCB /* Release */ = {
			isa = XCBuildConfiguration;
			baseConfigurationReference = 269692C0B4D39DC6592FB3CA /* Pods-FoodStuff-FoodStuffUITests.release.xcconfig */;
			buildSettings = {
				ALWAYS_EMBED_SWIFT_STANDARD_LIBRARIES = YES;
				CODE_SIGN_STYLE = Automatic;
				DEVELOPMENT_TEAM = 7K6ZTDFM48;
				INFOPLIST_FILE = FoodStuffUITests/Info.plist;
				LD_RUNPATH_SEARCH_PATHS = (
					"$(inherited)",
					"@executable_path/Frameworks",
					"@loader_path/Frameworks",
				);
				PRODUCT_BUNDLE_IDENTIFIER = Lance.FoodStuffUITests;
				PRODUCT_NAME = "$(TARGET_NAME)";
				SWIFT_VERSION = 5.0;
				TARGETED_DEVICE_FAMILY = "1,2";
				TEST_TARGET_NAME = FoodStuff;
			};
			name = Release;
		};
/* End XCBuildConfiguration section */

/* Begin XCConfigurationList section */
		5EC3572A2388D78E00FD3CCB /* Build configuration list for PBXProject "FoodStuff" */ = {
			isa = XCConfigurationList;
			buildConfigurations = (
				5EC3575A2388D79000FD3CCB /* Debug */,
				5EC3575B2388D79000FD3CCB /* Release */,
			);
			defaultConfigurationIsVisible = 0;
			defaultConfigurationName = Release;
		};
		5EC3575C2388D79000FD3CCB /* Build configuration list for PBXNativeTarget "FoodStuff" */ = {
			isa = XCConfigurationList;
			buildConfigurations = (
				5EC3575D2388D79000FD3CCB /* Debug */,
				5EC3575E2388D79000FD3CCB /* Release */,
			);
			defaultConfigurationIsVisible = 0;
			defaultConfigurationName = Release;
		};
		5EC3575F2388D79000FD3CCB /* Build configuration list for PBXNativeTarget "FoodStuffTests" */ = {
			isa = XCConfigurationList;
			buildConfigurations = (
				5EC357602388D79000FD3CCB /* Debug */,
				5EC357612388D79000FD3CCB /* Release */,
			);
			defaultConfigurationIsVisible = 0;
			defaultConfigurationName = Release;
		};
		5EC357622388D79000FD3CCB /* Build configuration list for PBXNativeTarget "FoodStuffUITests" */ = {
			isa = XCConfigurationList;
			buildConfigurations = (
				5EC357632388D79000FD3CCB /* Debug */,
				5EC357642388D79000FD3CCB /* Release */,
			);
			defaultConfigurationIsVisible = 0;
			defaultConfigurationName = Release;
		};
/* End XCConfigurationList section */

/* Begin XCVersionGroup section */
		5EC3573B2388D78F00FD3CCB /* FoodStuff.xcdatamodeld */ = {
			isa = XCVersionGroup;
			children = (
				5EC3573C2388D78F00FD3CCB /* FoodStuff.xcdatamodel */,
			);
			currentVersion = 5EC3573C2388D78F00FD3CCB /* FoodStuff.xcdatamodel */;
			path = FoodStuff.xcdatamodeld;
			sourceTree = "<group>";
			versionGroupType = wrapper.xcdatamodel;
		};
/* End XCVersionGroup section */
	};
	rootObject = 5EC357272388D78E00FD3CCB /* Project object */;
}
